
Microsoft Visual Studio Solution File, Format Version 12.00
# Visual Studio Version 16
VisualStudioVersion = 16.0.29911.84
MinimumVisualStudioVersion = 10.0.40219.1
Project("{FAE04EC0-301F-11D3-BF4B-00C04F79EFBC}") = "edytor_tekstowy", "edytor_tekstowy\edytor_tekstowy.csproj", "{DC992889-63B2-4BAA-965B-2A4EBCAADF37}"
EndProject
Global
	GlobalSection(SolutionConfigurationPlatforms) = preSolution
		Debug|Any CPU = Debug|Any CPU
		Release|Any CPU = Release|Any CPU
	EndGlobalSection
	GlobalSection(ProjectConfigurationPlatforms) = postSolution
		{DC992889-63B2-4BAA-965B-2A4EBCAADF37}.Debug|Any CPU.ActiveCfg = Debug|Any CPU
		{DC992889-63B2-4BAA-965B-2A4EBCAADF37}.Debug|Any CPU.Build.0 = Debug|Any CPU
		{DC992889-63B2-4BAA-965B-2A4EBCAADF37}.Release|Any CPU.ActiveCfg = Release|Any CPU
		{DC992889-63B2-4BAA-965B-2A4EBCAADF37}.Release|Any CPU.Build.0 = Release|Any CPU
	EndGlobalSection
	GlobalSection(SolutionProperties) = preSolution
		HideSolutionNode = FALSE
	EndGlobalSection
	GlobalSection(ExtensibilityGlobals) = postSolution
		SolutionGuid = {60D48F73-6C84-475E-9C45-2F7CB056AAB6}
	EndGlobalSection
EndGlobal
